
Microsoft Visual Studio Solution File, Format Version 12.00
# Visual Studio Version 16
VisualStudioVersion = 16.0.31005.135
MinimumVisualStudioVersion = 10.0.40219.1
Project("{9A19103F-16F7-4668-BE54-9A1E7A4F7556}") = "ApiColector", "ApiColector\ApiColector.csproj", "{04630F66-4EB3-4041-85DC-63F3BD2E3579}"
EndProject
Project("{FAE04EC0-301F-11D3-BF4B-00C04F79EFBC}") = "FunctionAppOdometro", "FunctionAppOdometro\FunctionAppOdometro.csproj", "{FEF3AC92-6DC6-4E03-B139-E947252C3EE1}"
EndProject
Global
	GlobalSection(SolutionConfigurationPlatforms) = preSolution
		Debug|Any CPU = Debug|Any CPU
		Release|Any CPU = Release|Any CPU
	EndGlobalSection
	GlobalSection(ProjectConfigurationPlatforms) = postSolution
		{04630F66-4EB3-4041-85DC-63F3BD2E3579}.Debug|Any CPU.ActiveCfg = Debug|Any CPU
		{04630F66-4EB3-4041-85DC-63F3BD2E3579}.Debug|Any CPU.Build.0 = Debug|Any CPU
		{04630F66-4EB3-4041-85DC-63F3BD2E3579}.Release|Any CPU.ActiveCfg = Release|Any CPU
		{04630F66-4EB3-4041-85DC-63F3BD2E3579}.Release|Any CPU.Build.0 = Release|Any CPU
		{FEF3AC92-6DC6-4E03-B139-E947252C3EE1}.Debug|Any CPU.ActiveCfg = Debug|Any CPU
		{FEF3AC92-6DC6-4E03-B139-E947252C3EE1}.Debug|Any CPU.Build.0 = Debug|Any CPU
		{FEF3AC92-6DC6-4E03-B139-E947252C3EE1}.Release|Any CPU.ActiveCfg = Release|Any CPU
		{FEF3AC92-6DC6-4E03-B139-E947252C3EE1}.Release|Any CPU.Build.0 = Release|Any CPU
	EndGlobalSection
	GlobalSection(SolutionProperties) = preSolution
		HideSolutionNode = FALSE
	EndGlobalSection
	GlobalSection(ExtensibilityGlobals) = postSolution
		SolutionGuid = {CE654230-71A9-428C-A370-7C4C791869CB}
	EndGlobalSection
EndGlobal
